
Microsoft Visual Studio Solution File, Format Version 11.00
# Visual Studio 2010
Project("{FAE04EC0-301F-11D3-BF4B-00C04F79EFBC}") = "PixatePerf", "PixatePerf\PixatePerf.csproj", "{590466A8-2D42-4666-BB1E-BE44E0AA0BA7}"
EndProject
Global
	GlobalSection(SolutionConfigurationPlatforms) = preSolution
		Debug|iPhoneSimulator = Debug|iPhoneSimulator
		Release|iPhoneSimulator = Release|iPhoneSimulator
		Debug|iPhone = Debug|iPhone
		Release|iPhone = Release|iPhone
		Ad-Hoc|iPhone = Ad-Hoc|iPhone
		AppStore|iPhone = AppStore|iPhone
	EndGlobalSection
	GlobalSection(ProjectConfigurationPlatforms) = postSolution
		{590466A8-2D42-4666-BB1E-BE44E0AA0BA7}.Ad-Hoc|iPhone.ActiveCfg = Ad-Hoc|iPhone
		{590466A8-2D42-4666-BB1E-BE44E0AA0BA7}.Ad-Hoc|iPhone.Build.0 = Ad-Hoc|iPhone
		{590466A8-2D42-4666-BB1E-BE44E0AA0BA7}.AppStore|iPhone.ActiveCfg = AppStore|iPhone
		{590466A8-2D42-4666-BB1E-BE44E0AA0BA7}.AppStore|iPhone.Build.0 = AppStore|iPhone
		{590466A8-2D42-4666-BB1E-BE44E0AA0BA7}.Debug|iPhone.ActiveCfg = Debug|iPhone
		{590466A8-2D42-4666-BB1E-BE44E0AA0BA7}.Debug|iPhone.Build.0 = Debug|iPhone
		{590466A8-2D42-4666-BB1E-BE44E0AA0BA7}.Debug|iPhoneSimulator.ActiveCfg = Debug|iPhoneSimulator
		{590466A8-2D42-4666-BB1E-BE44E0AA0BA7}.Debug|iPhoneSimulator.Build.0 = Debug|iPhoneSimulator
		{590466A8-2D42-4666-BB1E-BE44E0AA0BA7}.Release|iPhone.ActiveCfg = Release|iPhone
		{590466A8-2D42-4666-BB1E-BE44E0AA0BA7}.Release|iPhone.Build.0 = Release|iPhone
		{590466A8-2D42-4666-BB1E-BE44E0AA0BA7}.Release|iPhoneSimulator.ActiveCfg = Release|iPhoneSimulator
		{590466A8-2D42-4666-BB1E-BE44E0AA0BA7}.Release|iPhoneSimulator.Build.0 = Release|iPhoneSimulator
	EndGlobalSection
	GlobalSection(MonoDevelopProperties) = preSolution
		StartupItem = PixatePerf\PixatePerf.csproj
	EndGlobalSection
EndGlobal
